
Microsoft Visual Studio Solution File, Format Version 12.00
# Visual Studio Version 16
VisualStudioVersion = 16.0.29306.81
MinimumVisualStudioVersion = 10.0.40219.1
Project("{FAE04EC0-301F-11D3-BF4B-00C04F79EFBC}") = "GuessingGame", "GuessingGame\GuessingGame.csproj", "{19DE08A1-97F1-4838-AD4F-DDF90E530443}"
EndProject
Global
	GlobalSection(SolutionConfigurationPlatforms) = preSolution
		Debug|Any CPU = Debug|Any CPU
		Release|Any CPU = Release|Any CPU
	EndGlobalSection
	GlobalSection(ProjectConfigurationPlatforms) = postSolution
		{19DE08A1-97F1-4838-AD4F-DDF90E530443}.Debug|Any CPU.ActiveCfg = Debug|Any CPU
		{19DE08A1-97F1-4838-AD4F-DDF90E530443}.Debug|Any CPU.Build.0 = Debug|Any CPU
		{19DE08A1-97F1-4838-AD4F-DDF90E530443}.Release|Any CPU.ActiveCfg = Release|Any CPU
		{19DE08A1-97F1-4838-AD4F-DDF90E530443}.Release|Any CPU.Build.0 = Release|Any CPU
	EndGlobalSection
	GlobalSection(SolutionProperties) = preSolution
		HideSolutionNode = FALSE
	EndGlobalSection
	GlobalSection(ExtensibilityGlobals) = postSolution
		SolutionGuid = {3066BFB3-31CA-4BDB-8FDC-911134054CCD}
	EndGlobalSection
EndGlobal
